
Microsoft Visual Studio Solution File, Format Version 12.00
# Visual Studio Version 17
VisualStudioVersion = 17.4.33403.182
MinimumVisualStudioVersion = 10.0.40219.1
Project("{FAE04EC0-301F-11D3-BF4B-00C04F79EFBC}") = "ReizHW", "ReizHW\ReizHW.csproj", "{9FBA846F-114B-4135-BA61-BDE565E10D59}"
EndProject
Global
	GlobalSection(SolutionConfigurationPlatforms) = preSolution
		Debug|Any CPU = Debug|Any CPU
		Release|Any CPU = Release|Any CPU
	EndGlobalSection
	GlobalSection(ProjectConfigurationPlatforms) = postSolution
		{9FBA846F-114B-4135-BA61-BDE565E10D59}.Debug|Any CPU.ActiveCfg = Debug|Any CPU
		{9FBA846F-114B-4135-BA61-BDE565E10D59}.Debug|Any CPU.Build.0 = Debug|Any CPU
		{9FBA846F-114B-4135-BA61-BDE565E10D59}.Release|Any CPU.ActiveCfg = Release|Any CPU
		{9FBA846F-114B-4135-BA61-BDE565E10D59}.Release|Any CPU.Build.0 = Release|Any CPU
	EndGlobalSection
	GlobalSection(SolutionProperties) = preSolution
		HideSolutionNode = FALSE
	EndGlobalSection
	GlobalSection(ExtensibilityGlobals) = postSolution
		SolutionGuid = {086AB38F-12E3-4746-A134-C8E3C3C8F633}
	EndGlobalSection
EndGlobal
